{
  "name": "cg-tm",
  "version": "1.0.0",
  "lockfileVersion": 2,
  "requires": true,
  "packages": {
    "": {
      "name": "cg-tm",
      "version": "1.0.0",
      "license": "ISC",
      "dependencies": {
        "@builder.io/partytown": "^0.7.1"
      }
    },
    "node_modules/@builder.io/partytown": {
      "version": "0.7.1",
      "resolved": "https://registry.npmjs.org/@builder.io/partytown/-/partytown-0.7.1.tgz",
      "integrity": "sha512-hvu2gG9NDtCa5aoL4JkvDe3E5SegXlHAkhtA+Az96uTtFA0PYuEPjDYGiayGTkZuRKUmxetebWjIFgSDNdlBOw==",
      "bin": {
        "partytown": "bin/partytown.cjs"
      }
    }
  },
  "dependencies": {
    "@builder.io/partytown": {
      "version": "0.7.1",
      "resolved": "https://registry.npmjs.org/@builder.io/partytown/-/partytown-0.7.1.tgz",
      "integrity": "sha512-hvu2gG9NDtCa5aoL4JkvDe3E5SegXlHAkhtA+Az96uTtFA0PYuEPjDYGiayGTkZuRKUmxetebWjIFgSDNdlBOw=="
    }
  }
}
